
Microsoft Visual Studio Solution File, Format Version 12.00
# Visual Studio Version 17
VisualStudioVersion = 17.13.35828.75
MinimumVisualStudioVersion = 10.0.40219.1
Project("{FAE04EC0-301F-11D3-BF4B-00C04F79EFBC}") = "blogsiteqqq", "blogsiteqqq\blogsiteqqq.csproj", "{E4EE0CCC-5FFE-404C-9434-7517BBD588D2}"
EndProject
Global
	GlobalSection(SolutionConfigurationPlatforms) = preSolution
		Debug|Any CPU = Debug|Any CPU
		Release|Any CPU = Release|Any CPU
	EndGlobalSection
	GlobalSection(ProjectConfigurationPlatforms) = postSolution
		{E4EE0CCC-5FFE-404C-9434-7517BBD588D2}.Debug|Any CPU.ActiveCfg = Debug|Any CPU
		{E4EE0CCC-5FFE-404C-9434-7517BBD588D2}.Debug|Any CPU.Build.0 = Debug|Any CPU
		{E4EE0CCC-5FFE-404C-9434-7517BBD588D2}.Release|Any CPU.ActiveCfg = Release|Any CPU
		{E4EE0CCC-5FFE-404C-9434-7517BBD588D2}.Release|Any CPU.Build.0 = Release|Any CPU
	EndGlobalSection
	GlobalSection(SolutionProperties) = preSolution
		HideSolutionNode = FALSE
	EndGlobalSection
	GlobalSection(ExtensibilityGlobals) = postSolution
		SolutionGuid = {9A15BE7A-36B5-4D2E-AA96-AB5EF6A17FC3}
	EndGlobalSection
EndGlobal
